
Microsoft Visual Studio Solution File, Format Version 12.00
# Visual Studio 14
VisualStudioVersion = 14.0.25420.1
MinimumVisualStudioVersion = 10.0.40219.1
Project("{FAE04EC0-301F-11D3-BF4B-00C04F79EFBC}") = "Creational.AbstractFactory", "design_patterns.Creational\Creational.AbstractFactory\Creational.AbstractFactory.csproj", "{0B08A72E-A99C-47A8-81B8-2874A97D663A}"
EndProject
Global
	GlobalSection(SolutionConfigurationPlatforms) = preSolution
		Debug|Any CPU = Debug|Any CPU
		Release|Any CPU = Release|Any CPU
	EndGlobalSection
	GlobalSection(ProjectConfigurationPlatforms) = postSolution
		{0B08A72E-A99C-47A8-81B8-2874A97D663A}.Debug|Any CPU.ActiveCfg = Debug|Any CPU
		{0B08A72E-A99C-47A8-81B8-2874A97D663A}.Debug|Any CPU.Build.0 = Debug|Any CPU
		{0B08A72E-A99C-47A8-81B8-2874A97D663A}.Release|Any CPU.ActiveCfg = Release|Any CPU
		{0B08A72E-A99C-47A8-81B8-2874A97D663A}.Release|Any CPU.Build.0 = Release|Any CPU
	EndGlobalSection
	GlobalSection(SolutionProperties) = preSolution
		HideSolutionNode = FALSE
	EndGlobalSection
EndGlobal
