
Microsoft Visual Studio Solution File, Format Version 12.00
# Visual Studio 14
VisualStudioVersion = 14.0.25420.1
MinimumVisualStudioVersion = 10.0.40219.1
Project("{00D1A9C2-B5F0-4AF3-8072-F6C62B433612}") = "CurrencyApi.Database", "CurrencyApi.Database\CurrencyApi.Database.sqlproj", "{450FCD73-ECEC-4E7E-AFD3-FDF046EE0BEB}"
EndProject
Project("{FAE04EC0-301F-11D3-BF4B-00C04F79EFBC}") = "CurrencyApi.ConsoleClient", "CurrencyApi.ConsoleClient\CurrencyApi.ConsoleClient.csproj", "{D9EF378B-B14B-47DE-B21B-1DE4AEEC4FD5}"
EndProject
Global
	GlobalSection(SolutionConfigurationPlatforms) = preSolution
		Debug|Any CPU = Debug|Any CPU
		Release|Any CPU = Release|Any CPU
	EndGlobalSection
	GlobalSection(ProjectConfigurationPlatforms) = postSolution
		{450FCD73-ECEC-4E7E-AFD3-FDF046EE0BEB}.Debug|Any CPU.ActiveCfg = Debug|Any CPU
		{450FCD73-ECEC-4E7E-AFD3-FDF046EE0BEB}.Debug|Any CPU.Build.0 = Debug|Any CPU
		{450FCD73-ECEC-4E7E-AFD3-FDF046EE0BEB}.Debug|Any CPU.Deploy.0 = Debug|Any CPU
		{450FCD73-ECEC-4E7E-AFD3-FDF046EE0BEB}.Release|Any CPU.ActiveCfg = Release|Any CPU
		{450FCD73-ECEC-4E7E-AFD3-FDF046EE0BEB}.Release|Any CPU.Build.0 = Release|Any CPU
		{450FCD73-ECEC-4E7E-AFD3-FDF046EE0BEB}.Release|Any CPU.Deploy.0 = Release|Any CPU
		{D9EF378B-B14B-47DE-B21B-1DE4AEEC4FD5}.Debug|Any CPU.ActiveCfg = Debug|Any CPU
		{D9EF378B-B14B-47DE-B21B-1DE4AEEC4FD5}.Debug|Any CPU.Build.0 = Debug|Any CPU
		{D9EF378B-B14B-47DE-B21B-1DE4AEEC4FD5}.Release|Any CPU.ActiveCfg = Release|Any CPU
		{D9EF378B-B14B-47DE-B21B-1DE4AEEC4FD5}.Release|Any CPU.Build.0 = Release|Any CPU
	EndGlobalSection
	GlobalSection(SolutionProperties) = preSolution
		HideSolutionNode = FALSE
	EndGlobalSection
EndGlobal
