
Microsoft Visual Studio Solution File, Format Version 12.00
# Visual Studio 14
VisualStudioVersion = 14.0.25420.1
MinimumVisualStudioVersion = 10.0.40219.1
Project("{FAE04EC0-301F-11D3-BF4B-00C04F79EFBC}") = "sharp.ScreenCapturer.MailSender", "src\Utilities\sharp.ScreenCapturer\sharp.ScreenCapturer.MailSender\sharp.ScreenCapturer.MailSender.csproj", "{0BCF483E-D74C-433A-936A-A0469F23C329}"
EndProject
Project("{FAE04EC0-301F-11D3-BF4B-00C04F79EFBC}") = "sharp.ScreenCapturer.Job", "src\Utilities\sharp.ScreenCapturer\sharp.ScreenCapturer.Job\sharp.ScreenCapturer.Job.csproj", "{D6E8AF13-A2EE-4345-88F3-2CB284935EA1}"
EndProject
Project("{FAE04EC0-301F-11D3-BF4B-00C04F79EFBC}") = "sharp.ScreenCapturer.Service", "src\Utilities\sharp.ScreenCapturer\sharp.ScreenCapturer.Service\sharp.ScreenCapturer.Service.csproj", "{D84A6CC5-393B-4521-863F-08BF2D718840}"
EndProject
Project("{FAE04EC0-301F-11D3-BF4B-00C04F79EFBC}") = "sharp.Extensions", "src\Utilities\sharp.Extensions\sharp.Extensions.csproj", "{AA32D486-437D-43E4-BD99-5B00C3DBF8C6}"
EndProject
Global
	GlobalSection(SolutionConfigurationPlatforms) = preSolution
		Debug|Any CPU = Debug|Any CPU
		Release|Any CPU = Release|Any CPU
	EndGlobalSection
	GlobalSection(ProjectConfigurationPlatforms) = postSolution
		{0BCF483E-D74C-433A-936A-A0469F23C329}.Debug|Any CPU.ActiveCfg = Debug|Any CPU
		{0BCF483E-D74C-433A-936A-A0469F23C329}.Debug|Any CPU.Build.0 = Debug|Any CPU
		{0BCF483E-D74C-433A-936A-A0469F23C329}.Release|Any CPU.ActiveCfg = Release|Any CPU
		{0BCF483E-D74C-433A-936A-A0469F23C329}.Release|Any CPU.Build.0 = Release|Any CPU
		{D6E8AF13-A2EE-4345-88F3-2CB284935EA1}.Debug|Any CPU.ActiveCfg = Debug|Any CPU
		{D6E8AF13-A2EE-4345-88F3-2CB284935EA1}.Debug|Any CPU.Build.0 = Debug|Any CPU
		{D6E8AF13-A2EE-4345-88F3-2CB284935EA1}.Release|Any CPU.ActiveCfg = Release|Any CPU
		{D6E8AF13-A2EE-4345-88F3-2CB284935EA1}.Release|Any CPU.Build.0 = Release|Any CPU
		{D84A6CC5-393B-4521-863F-08BF2D718840}.Debug|Any CPU.ActiveCfg = Debug|Any CPU
		{D84A6CC5-393B-4521-863F-08BF2D718840}.Debug|Any CPU.Build.0 = Debug|Any CPU
		{D84A6CC5-393B-4521-863F-08BF2D718840}.Release|Any CPU.ActiveCfg = Release|Any CPU
		{D84A6CC5-393B-4521-863F-08BF2D718840}.Release|Any CPU.Build.0 = Release|Any CPU
		{AA32D486-437D-43E4-BD99-5B00C3DBF8C6}.Debug|Any CPU.ActiveCfg = Debug|Any CPU
		{AA32D486-437D-43E4-BD99-5B00C3DBF8C6}.Debug|Any CPU.Build.0 = Debug|Any CPU
		{AA32D486-437D-43E4-BD99-5B00C3DBF8C6}.Release|Any CPU.ActiveCfg = Release|Any CPU
		{AA32D486-437D-43E4-BD99-5B00C3DBF8C6}.Release|Any CPU.Build.0 = Release|Any CPU
	EndGlobalSection
	GlobalSection(SolutionProperties) = preSolution
		HideSolutionNode = FALSE
	EndGlobalSection
EndGlobal
