
Microsoft Visual Studio Solution File, Format Version 12.00
# Visual Studio 15
VisualStudioVersion = 15.0.26403.7
MinimumVisualStudioVersion = 10.0.40219.1
Project("{FAE04EC0-301F-11D3-BF4B-00C04F79EFBC}") = "sharp.IocContainer.Ninject", "sharp.IocContainer.Ninject\sharp.IocContainer.Ninject.csproj", "{E0613B7E-B948-4EDF-9EF2-81067387C546}"
EndProject
Project("{FAE04EC0-301F-11D3-BF4B-00C04F79EFBC}") = "sharp.IocContainer.Autofac", "sharp.IocContainer.Autofac\sharp.IocContainer.Autofac.csproj", "{9DE81414-E9F0-4ADC-84CE-5CF2B4CB8511}"
EndProject
Global
	GlobalSection(SolutionConfigurationPlatforms) = preSolution
		Debug|Any CPU = Debug|Any CPU
		Release|Any CPU = Release|Any CPU
	EndGlobalSection
	GlobalSection(ProjectConfigurationPlatforms) = postSolution
		{E0613B7E-B948-4EDF-9EF2-81067387C546}.Debug|Any CPU.ActiveCfg = Debug|Any CPU
		{E0613B7E-B948-4EDF-9EF2-81067387C546}.Debug|Any CPU.Build.0 = Debug|Any CPU
		{E0613B7E-B948-4EDF-9EF2-81067387C546}.Release|Any CPU.ActiveCfg = Release|Any CPU
		{E0613B7E-B948-4EDF-9EF2-81067387C546}.Release|Any CPU.Build.0 = Release|Any CPU
		{9DE81414-E9F0-4ADC-84CE-5CF2B4CB8511}.Debug|Any CPU.ActiveCfg = Debug|Any CPU
		{9DE81414-E9F0-4ADC-84CE-5CF2B4CB8511}.Debug|Any CPU.Build.0 = Debug|Any CPU
		{9DE81414-E9F0-4ADC-84CE-5CF2B4CB8511}.Release|Any CPU.ActiveCfg = Release|Any CPU
		{9DE81414-E9F0-4ADC-84CE-5CF2B4CB8511}.Release|Any CPU.Build.0 = Release|Any CPU
	EndGlobalSection
	GlobalSection(SolutionProperties) = preSolution
		HideSolutionNode = FALSE
	EndGlobalSection
EndGlobal
