
Microsoft Visual Studio Solution File, Format Version 12.00
# Visual Studio 15
VisualStudioVersion = 15.0.27130.2010
MinimumVisualStudioVersion = 10.0.40219.1
Project("{FAE04EC0-301F-11D3-BF4B-00C04F79EFBC}") = "sharp.ScreenCapturer.MailSender", "src\Utilities\sharp.ScreenCapturer\sharp.ScreenCapturer.MailSender\sharp.ScreenCapturer.MailSender.csproj", "{0BCF483E-D74C-433A-936A-A0469F23C329}"
EndProject
Project("{FAE04EC0-301F-11D3-BF4B-00C04F79EFBC}") = "sharp.ScreenCapturer.Job", "src\Utilities\sharp.ScreenCapturer\sharp.ScreenCapturer.Job\sharp.ScreenCapturer.Job.csproj", "{D6E8AF13-A2EE-4345-88F3-2CB284935EA1}"
EndProject
Project("{FAE04EC0-301F-11D3-BF4B-00C04F79EFBC}") = "sharp.ScreenCapturer.Service", "src\Utilities\sharp.ScreenCapturer\sharp.ScreenCapturer.Service\sharp.ScreenCapturer.Service.csproj", "{D84A6CC5-393B-4521-863F-08BF2D718840}"
EndProject
Project("{FAE04EC0-301F-11D3-BF4B-00C04F79EFBC}") = "sharp.Extensions", "src\Utilities\sharp.Extensions\sharp.Extensions.csproj", "{AA32D486-437D-43E4-BD99-5B00C3DBF8C6}"
EndProject
Project("{FAE04EC0-301F-11D3-BF4B-00C04F79EFBC}") = "sharp.IocContainer.Autofac", "src\Dependency Injection\sharp.IocContainer.Autofac\sharp.IocContainer.Autofac.csproj", "{9DE81414-E9F0-4ADC-84CE-5CF2B4CB8511}"
EndProject
Project("{FAE04EC0-301F-11D3-BF4B-00C04F79EFBC}") = "sharp.IocContainer.Ninject", "src\Dependency Injection\sharp.IocContainer.Ninject\sharp.IocContainer.Ninject.csproj", "{E0613B7E-B948-4EDF-9EF2-81067387C546}"
EndProject
Project("{FAE04EC0-301F-11D3-BF4B-00C04F79EFBC}") = "sharp.network.clientSockets", "src\Inter Network\sharp.network.clientSockets\sharp.network.clientSockets.csproj", "{9AD98706-C725-4E05-A6D7-BB7196D202DB}"
EndProject
Project("{FAE04EC0-301F-11D3-BF4B-00C04F79EFBC}") = "sharp.network.httpListener", "src\Inter Network\sharp.network.httpListener\sharp.network.httpListener.csproj", "{DBEFE788-4682-4226-BD28-0F9F0BCB6D32}"
EndProject
Project("{FAE04EC0-301F-11D3-BF4B-00C04F79EFBC}") = "sharp.network.ipAddresses", "src\Inter Network\sharp.network.ipAddresses\sharp.network.ipAddresses.csproj", "{A2242D89-512C-44D8-81AB-5E51E85DEFFB}"
EndProject
Project("{FAE04EC0-301F-11D3-BF4B-00C04F79EFBC}") = "sharp.network.requestSending", "src\Inter Network\sharp.network.requestSending\sharp.network.requestSending.csproj", "{A6DB8641-8A8F-41D8-9F31-FCD2EAFBE76B}"
EndProject
Project("{FAE04EC0-301F-11D3-BF4B-00C04F79EFBC}") = "sharp.network.webSockets", "src\Inter Network\sharp.network.webSockets\sharp.network.webSockets.csproj", "{3165C498-1FC3-4758-B3FE-EE53593C5ECC}"
EndProject
Project("{FAE04EC0-301F-11D3-BF4B-00C04F79EFBC}") = "sharp.AspectsClient", "src\Utilities\sharp.AspectsClient\sharp.AspectsClient.csproj", "{E99ADE54-C321-4798-A2A7-7D920A72CAD1}"
EndProject
Project("{FAE04EC0-301F-11D3-BF4B-00C04F79EFBC}") = "sharp.aspnet.webapi", "src\Web\sharp.aspnet.webapi\sharp.aspnet.webapi.csproj", "{67062652-E400-48AC-913D-D7F6815CA3AB}"
EndProject
Project("{FAE04EC0-301F-11D3-BF4B-00C04F79EFBC}") = "sharp.signalr.notifiactions", "src\Web\sharp.signalr.notifiactions\sharp.signalr.notifiactions.csproj", "{98FA0A54-8008-439C-8F2F-3B2497D2D2A7}"
EndProject
Project("{FAE04EC0-301F-11D3-BF4B-00C04F79EFBC}") = "sharp.Extensions.Client", "src\Utilities\sharp.Extensions.Client\sharp.Extensions.Client.csproj", "{177D6526-3A5E-4CEA-BA30-DCE580038F97}"
EndProject
Project("{FAE04EC0-301F-11D3-BF4B-00C04F79EFBC}") = "sharp.IocContainer.Console", "src\Dependency Injection\sharp.IocContainer.Autofac\sharp.IocContainer.Console\sharp.IocContainer.Console.csproj", "{070BEBA8-B8A2-4E4F-AFE8-03DFFEC89080}"
EndProject
Project("{FAE04EC0-301F-11D3-BF4B-00C04F79EFBC}") = "sharp.webApiSession", "src\ApiSession\sharp.webApiSession\sharp.webApiSession.csproj", "{17B43977-489F-4817-9116-05189DAF0482}"
EndProject
Project("{FAE04EC0-301F-11D3-BF4B-00C04F79EFBC}") = "sharp.webApiSession.BLL", "src\ApiSession\sharp.webApiSession.BLL\sharp.webApiSession.BLL.csproj", "{384C5018-C87D-4AA4-AD9D-DA0B88F0BA5C}"
EndProject
Project("{FAE04EC0-301F-11D3-BF4B-00C04F79EFBC}") = "sharp.Extra.Quartz.NET", "src\Extra\sharp.Extra.Quartz.NET\sharp.Extra.Quartz.NET.csproj", "{28863942-1889-4377-AC8B-E043C909F0FD}"
EndProject
Project("{FAE04EC0-301F-11D3-BF4B-00C04F79EFBC}") = "sharp.Selenium.Test.Demo", "src\Extra\sharp.Selenium.Test.Demo\sharp.Selenium.Test.Demo.csproj", "{3FA94EBB-7CD6-41AC-A47E-A67863AB863D}"
EndProject
Project("{FAE04EC0-301F-11D3-BF4B-00C04F79EFBC}") = "sharp.AuthorizationServer.Api", "src\OAuth2\sharp.AuthorizationServer.Api\sharp.AuthorizationServer.Api.csproj", "{AF4247B3-A6CD-4980-910C-4490442A7E29}"
EndProject
Project("{FAE04EC0-301F-11D3-BF4B-00C04F79EFBC}") = "sharp.ResourceServer.Api", "src\OAuth2\sharp.ResourceServer.Api\sharp.ResourceServer.Api.csproj", "{99F1BE00-B2CC-4BB8-B273-3EE041928AD2}"
EndProject
Project("{FAE04EC0-301F-11D3-BF4B-00C04F79EFBC}") = "sharp.Serene.Web", "src\Serene\sharp.Serene\sharp.Serene.Web\sharp.Serene.Web.csproj", "{E298DC33-D240-4585-AC47-775575246780}"
EndProject
Project("{FAE04EC0-301F-11D3-BF4B-00C04F79EFBC}") = "sharp.Cache.Redis", "src\Cache\sharp.Cache.Redis\sharp.Cache.Redis.csproj", "{049DFBED-0CD1-444C-A2C2-4C65CF343F6C}"
EndProject
Global
	GlobalSection(SolutionConfigurationPlatforms) = preSolution
		Debug|Any CPU = Debug|Any CPU
		Release|Any CPU = Release|Any CPU
	EndGlobalSection
	GlobalSection(ProjectConfigurationPlatforms) = postSolution
		{0BCF483E-D74C-433A-936A-A0469F23C329}.Debug|Any CPU.ActiveCfg = Debug|Any CPU
		{0BCF483E-D74C-433A-936A-A0469F23C329}.Debug|Any CPU.Build.0 = Debug|Any CPU
		{0BCF483E-D74C-433A-936A-A0469F23C329}.Release|Any CPU.ActiveCfg = Release|Any CPU
		{0BCF483E-D74C-433A-936A-A0469F23C329}.Release|Any CPU.Build.0 = Release|Any CPU
		{D6E8AF13-A2EE-4345-88F3-2CB284935EA1}.Debug|Any CPU.ActiveCfg = Debug|Any CPU
		{D6E8AF13-A2EE-4345-88F3-2CB284935EA1}.Debug|Any CPU.Build.0 = Debug|Any CPU
		{D6E8AF13-A2EE-4345-88F3-2CB284935EA1}.Release|Any CPU.ActiveCfg = Release|Any CPU
		{D6E8AF13-A2EE-4345-88F3-2CB284935EA1}.Release|Any CPU.Build.0 = Release|Any CPU
		{D84A6CC5-393B-4521-863F-08BF2D718840}.Debug|Any CPU.ActiveCfg = Debug|Any CPU
		{D84A6CC5-393B-4521-863F-08BF2D718840}.Debug|Any CPU.Build.0 = Debug|Any CPU
		{D84A6CC5-393B-4521-863F-08BF2D718840}.Release|Any CPU.ActiveCfg = Release|Any CPU
		{D84A6CC5-393B-4521-863F-08BF2D718840}.Release|Any CPU.Build.0 = Release|Any CPU
		{AA32D486-437D-43E4-BD99-5B00C3DBF8C6}.Debug|Any CPU.ActiveCfg = Debug|Any CPU
		{AA32D486-437D-43E4-BD99-5B00C3DBF8C6}.Debug|Any CPU.Build.0 = Debug|Any CPU
		{AA32D486-437D-43E4-BD99-5B00C3DBF8C6}.Release|Any CPU.ActiveCfg = Release|Any CPU
		{AA32D486-437D-43E4-BD99-5B00C3DBF8C6}.Release|Any CPU.Build.0 = Release|Any CPU
		{9DE81414-E9F0-4ADC-84CE-5CF2B4CB8511}.Debug|Any CPU.ActiveCfg = Debug|Any CPU
		{9DE81414-E9F0-4ADC-84CE-5CF2B4CB8511}.Debug|Any CPU.Build.0 = Debug|Any CPU
		{9DE81414-E9F0-4ADC-84CE-5CF2B4CB8511}.Release|Any CPU.ActiveCfg = Release|Any CPU
		{9DE81414-E9F0-4ADC-84CE-5CF2B4CB8511}.Release|Any CPU.Build.0 = Release|Any CPU
		{E0613B7E-B948-4EDF-9EF2-81067387C546}.Debug|Any CPU.ActiveCfg = Debug|Any CPU
		{E0613B7E-B948-4EDF-9EF2-81067387C546}.Debug|Any CPU.Build.0 = Debug|Any CPU
		{E0613B7E-B948-4EDF-9EF2-81067387C546}.Release|Any CPU.ActiveCfg = Release|Any CPU
		{E0613B7E-B948-4EDF-9EF2-81067387C546}.Release|Any CPU.Build.0 = Release|Any CPU
		{9AD98706-C725-4E05-A6D7-BB7196D202DB}.Debug|Any CPU.ActiveCfg = Debug|Any CPU
		{9AD98706-C725-4E05-A6D7-BB7196D202DB}.Debug|Any CPU.Build.0 = Debug|Any CPU
		{9AD98706-C725-4E05-A6D7-BB7196D202DB}.Release|Any CPU.ActiveCfg = Release|Any CPU
		{9AD98706-C725-4E05-A6D7-BB7196D202DB}.Release|Any CPU.Build.0 = Release|Any CPU
		{DBEFE788-4682-4226-BD28-0F9F0BCB6D32}.Debug|Any CPU.ActiveCfg = Debug|Any CPU
		{DBEFE788-4682-4226-BD28-0F9F0BCB6D32}.Debug|Any CPU.Build.0 = Debug|Any CPU
		{DBEFE788-4682-4226-BD28-0F9F0BCB6D32}.Release|Any CPU.ActiveCfg = Release|Any CPU
		{DBEFE788-4682-4226-BD28-0F9F0BCB6D32}.Release|Any CPU.Build.0 = Release|Any CPU
		{A2242D89-512C-44D8-81AB-5E51E85DEFFB}.Debug|Any CPU.ActiveCfg = Debug|Any CPU
		{A2242D89-512C-44D8-81AB-5E51E85DEFFB}.Debug|Any CPU.Build.0 = Debug|Any CPU
		{A2242D89-512C-44D8-81AB-5E51E85DEFFB}.Release|Any CPU.ActiveCfg = Release|Any CPU
		{A2242D89-512C-44D8-81AB-5E51E85DEFFB}.Release|Any CPU.Build.0 = Release|Any CPU
		{A6DB8641-8A8F-41D8-9F31-FCD2EAFBE76B}.Debug|Any CPU.ActiveCfg = Debug|Any CPU
		{A6DB8641-8A8F-41D8-9F31-FCD2EAFBE76B}.Debug|Any CPU.Build.0 = Debug|Any CPU
		{A6DB8641-8A8F-41D8-9F31-FCD2EAFBE76B}.Release|Any CPU.ActiveCfg = Release|Any CPU
		{A6DB8641-8A8F-41D8-9F31-FCD2EAFBE76B}.Release|Any CPU.Build.0 = Release|Any CPU
		{3165C498-1FC3-4758-B3FE-EE53593C5ECC}.Debug|Any CPU.ActiveCfg = Debug|Any CPU
		{3165C498-1FC3-4758-B3FE-EE53593C5ECC}.Debug|Any CPU.Build.0 = Debug|Any CPU
		{3165C498-1FC3-4758-B3FE-EE53593C5ECC}.Release|Any CPU.ActiveCfg = Release|Any CPU
		{3165C498-1FC3-4758-B3FE-EE53593C5ECC}.Release|Any CPU.Build.0 = Release|Any CPU
		{E99ADE54-C321-4798-A2A7-7D920A72CAD1}.Debug|Any CPU.ActiveCfg = Debug|Any CPU
		{E99ADE54-C321-4798-A2A7-7D920A72CAD1}.Debug|Any CPU.Build.0 = Debug|Any CPU
		{E99ADE54-C321-4798-A2A7-7D920A72CAD1}.Release|Any CPU.ActiveCfg = Release|Any CPU
		{E99ADE54-C321-4798-A2A7-7D920A72CAD1}.Release|Any CPU.Build.0 = Release|Any CPU
		{67062652-E400-48AC-913D-D7F6815CA3AB}.Debug|Any CPU.ActiveCfg = Debug|Any CPU
		{67062652-E400-48AC-913D-D7F6815CA3AB}.Debug|Any CPU.Build.0 = Debug|Any CPU
		{67062652-E400-48AC-913D-D7F6815CA3AB}.Release|Any CPU.ActiveCfg = Release|Any CPU
		{67062652-E400-48AC-913D-D7F6815CA3AB}.Release|Any CPU.Build.0 = Release|Any CPU
		{98FA0A54-8008-439C-8F2F-3B2497D2D2A7}.Debug|Any CPU.ActiveCfg = Debug|Any CPU
		{98FA0A54-8008-439C-8F2F-3B2497D2D2A7}.Debug|Any CPU.Build.0 = Debug|Any CPU
		{98FA0A54-8008-439C-8F2F-3B2497D2D2A7}.Release|Any CPU.ActiveCfg = Release|Any CPU
		{98FA0A54-8008-439C-8F2F-3B2497D2D2A7}.Release|Any CPU.Build.0 = Release|Any CPU
		{177D6526-3A5E-4CEA-BA30-DCE580038F97}.Debug|Any CPU.ActiveCfg = Debug|Any CPU
		{177D6526-3A5E-4CEA-BA30-DCE580038F97}.Debug|Any CPU.Build.0 = Debug|Any CPU
		{177D6526-3A5E-4CEA-BA30-DCE580038F97}.Release|Any CPU.ActiveCfg = Release|Any CPU
		{177D6526-3A5E-4CEA-BA30-DCE580038F97}.Release|Any CPU.Build.0 = Release|Any CPU
		{070BEBA8-B8A2-4E4F-AFE8-03DFFEC89080}.Debug|Any CPU.ActiveCfg = Debug|Any CPU
		{070BEBA8-B8A2-4E4F-AFE8-03DFFEC89080}.Debug|Any CPU.Build.0 = Debug|Any CPU
		{070BEBA8-B8A2-4E4F-AFE8-03DFFEC89080}.Release|Any CPU.ActiveCfg = Release|Any CPU
		{070BEBA8-B8A2-4E4F-AFE8-03DFFEC89080}.Release|Any CPU.Build.0 = Release|Any CPU
		{17B43977-489F-4817-9116-05189DAF0482}.Debug|Any CPU.ActiveCfg = Debug|Any CPU
		{17B43977-489F-4817-9116-05189DAF0482}.Debug|Any CPU.Build.0 = Debug|Any CPU
		{17B43977-489F-4817-9116-05189DAF0482}.Release|Any CPU.ActiveCfg = Release|Any CPU
		{17B43977-489F-4817-9116-05189DAF0482}.Release|Any CPU.Build.0 = Release|Any CPU
		{384C5018-C87D-4AA4-AD9D-DA0B88F0BA5C}.Debug|Any CPU.ActiveCfg = Debug|Any CPU
		{384C5018-C87D-4AA4-AD9D-DA0B88F0BA5C}.Debug|Any CPU.Build.0 = Debug|Any CPU
		{384C5018-C87D-4AA4-AD9D-DA0B88F0BA5C}.Release|Any CPU.ActiveCfg = Release|Any CPU
		{384C5018-C87D-4AA4-AD9D-DA0B88F0BA5C}.Release|Any CPU.Build.0 = Release|Any CPU
		{28863942-1889-4377-AC8B-E043C909F0FD}.Debug|Any CPU.ActiveCfg = Debug|Any CPU
		{28863942-1889-4377-AC8B-E043C909F0FD}.Debug|Any CPU.Build.0 = Debug|Any CPU
		{28863942-1889-4377-AC8B-E043C909F0FD}.Release|Any CPU.ActiveCfg = Release|Any CPU
		{28863942-1889-4377-AC8B-E043C909F0FD}.Release|Any CPU.Build.0 = Release|Any CPU
		{3FA94EBB-7CD6-41AC-A47E-A67863AB863D}.Debug|Any CPU.ActiveCfg = Debug|Any CPU
		{3FA94EBB-7CD6-41AC-A47E-A67863AB863D}.Debug|Any CPU.Build.0 = Debug|Any CPU
		{3FA94EBB-7CD6-41AC-A47E-A67863AB863D}.Release|Any CPU.ActiveCfg = Release|Any CPU
		{3FA94EBB-7CD6-41AC-A47E-A67863AB863D}.Release|Any CPU.Build.0 = Release|Any CPU
		{AF4247B3-A6CD-4980-910C-4490442A7E29}.Debug|Any CPU.ActiveCfg = Debug|Any CPU
		{AF4247B3-A6CD-4980-910C-4490442A7E29}.Debug|Any CPU.Build.0 = Debug|Any CPU
		{AF4247B3-A6CD-4980-910C-4490442A7E29}.Release|Any CPU.ActiveCfg = Release|Any CPU
		{AF4247B3-A6CD-4980-910C-4490442A7E29}.Release|Any CPU.Build.0 = Release|Any CPU
		{99F1BE00-B2CC-4BB8-B273-3EE041928AD2}.Debug|Any CPU.ActiveCfg = Debug|Any CPU
		{99F1BE00-B2CC-4BB8-B273-3EE041928AD2}.Debug|Any CPU.Build.0 = Debug|Any CPU
		{99F1BE00-B2CC-4BB8-B273-3EE041928AD2}.Release|Any CPU.ActiveCfg = Release|Any CPU
		{99F1BE00-B2CC-4BB8-B273-3EE041928AD2}.Release|Any CPU.Build.0 = Release|Any CPU
		{E298DC33-D240-4585-AC47-775575246780}.Debug|Any CPU.ActiveCfg = Debug|Any CPU
		{E298DC33-D240-4585-AC47-775575246780}.Debug|Any CPU.Build.0 = Debug|Any CPU
		{E298DC33-D240-4585-AC47-775575246780}.Release|Any CPU.ActiveCfg = Release|Any CPU
		{E298DC33-D240-4585-AC47-775575246780}.Release|Any CPU.Build.0 = Release|Any CPU
		{049DFBED-0CD1-444C-A2C2-4C65CF343F6C}.Debug|Any CPU.ActiveCfg = Debug|Any CPU
		{049DFBED-0CD1-444C-A2C2-4C65CF343F6C}.Debug|Any CPU.Build.0 = Debug|Any CPU
		{049DFBED-0CD1-444C-A2C2-4C65CF343F6C}.Release|Any CPU.ActiveCfg = Release|Any CPU
		{049DFBED-0CD1-444C-A2C2-4C65CF343F6C}.Release|Any CPU.Build.0 = Release|Any CPU
	EndGlobalSection
	GlobalSection(SolutionProperties) = preSolution
		HideSolutionNode = FALSE
	EndGlobalSection
	GlobalSection(ExtensibilityGlobals) = postSolution
		SolutionGuid = {B15E72F7-6B93-4A5D-9999-FF5342608C1E}
	EndGlobalSection
EndGlobal
