
Microsoft Visual Studio Solution File, Format Version 12.00
# Visual Studio 14
VisualStudioVersion = 14.0.25420.1
MinimumVisualStudioVersion = 10.0.40219.1
Project("{FAE04EC0-301F-11D3-BF4B-00C04F79EFBC}") = "sharp.mongoDb.Console", "sharp.mongoDb.Console\sharp.mongoDb.Console.csproj", "{918B5781-7765-44FF-9A0A-FC7B047AD456}"
EndProject
Global
	GlobalSection(SolutionConfigurationPlatforms) = preSolution
		Debug|Any CPU = Debug|Any CPU
		Release|Any CPU = Release|Any CPU
	EndGlobalSection
	GlobalSection(ProjectConfigurationPlatforms) = postSolution
		{918B5781-7765-44FF-9A0A-FC7B047AD456}.Debug|Any CPU.ActiveCfg = Debug|Any CPU
		{918B5781-7765-44FF-9A0A-FC7B047AD456}.Debug|Any CPU.Build.0 = Debug|Any CPU
		{918B5781-7765-44FF-9A0A-FC7B047AD456}.Release|Any CPU.ActiveCfg = Release|Any CPU
		{918B5781-7765-44FF-9A0A-FC7B047AD456}.Release|Any CPU.Build.0 = Release|Any CPU
	EndGlobalSection
	GlobalSection(SolutionProperties) = preSolution
		HideSolutionNode = FALSE
	EndGlobalSection
EndGlobal
